
Microsoft Visual Studio Solution File, Format Version 12.00
# Visual Studio Version 17
VisualStudioVersion = 17.8.34601.278
MinimumVisualStudioVersion = 10.0.40219.1
Project("{9A19103F-16F7-4668-BE54-9A1E7A4F7556}") = "Trumpf.Coparoo.Desktop", "Trumpf.Coparoo.Desktop\Trumpf.Coparoo.Desktop.csproj", "{5C1B2F6C-88F1-431C-845E-9B6822687326}"
EndProject
Project("{9A19103F-16F7-4668-BE54-9A1E7A4F7556}") = "Trumpf.Coparoo.Desktop.Tests", "Trumpf.Coparoo.Desktop.Tests\Trumpf.Coparoo.Desktop.Tests.csproj", "{5C1B2F6C-88F1-431C-845E-9B6822687327}"
EndProject
Project("{2150E333-8FDC-42A3-9474-1A3956D46DE8}") = "Solution Items", "Solution Items", "{5974447A-DF04-4122-AD33-1D472EEC09AC}"
	ProjectSection(SolutionItems) = preProject
		.gitignore = .gitignore
		.github\workflows\dotnet-desktop.yml = .github\workflows\dotnet-desktop.yml
		LICENSE = LICENSE
		README.md = README.md
		tests.runsettings = tests.runsettings
		Trumpf.Coparoo.Desktop.sln.licenseheader = Trumpf.Coparoo.Desktop.sln.licenseheader
	EndProjectSection
EndProject
Project("{9A19103F-16F7-4668-BE54-9A1E7A4F7556}") = "Trumpf.Coparoo.Desktop.DemoApp", "Trumpf.Coparoo.Desktop.DemoApp\Trumpf.Coparoo.Desktop.DemoApp.csproj", "{321D9A2D-2573-4D7E-A6FF-55A86A0E58C3}"
EndProject
Project("{9A19103F-16F7-4668-BE54-9A1E7A4F7556}") = "Trumpf.Coparoo.Desktop.DemoApp.Interf", "Trumpf.Coparoo.Desktop.DemoApp.Interf\Trumpf.Coparoo.Desktop.DemoApp.Interf.csproj", "{321D9A2D-2573-4D7E-A6FF-55A86A0E58C8}"
EndProject
Project("{9A19103F-16F7-4668-BE54-9A1E7A4F7556}") = "Trumpf.Coparoo.Desktop.Tests.Locator", "Trumpf.Coparoo.Desktop.Tests.Locator\Trumpf.Coparoo.Desktop.Tests.Locator.csproj", "{5C1B2F6C-99F1-431C-845E-9B6822687327}"
EndProject
Project("{9A19103F-16F7-4668-BE54-9A1E7A4F7556}") = "Trumpf.Coparoo.Desktop.Tests.Vdi", "Trumpf.Coparoo.Desktop.Tests.Vdi\Trumpf.Coparoo.Desktop.Tests.Vdi.csproj", "{41B3F904-C8A0-4E91-854D-68D3638F00D9}"
EndProject
Project("{2150E333-8FDC-42A3-9474-1A3956D46DE8}") = "Tests", "Tests", "{8AC624AC-6151-49E5-8383-5EADE5350D51}"
EndProject
Project("{2150E333-8FDC-42A3-9474-1A3956D46DE8}") = "WPF", "WPF", "{2F4141C8-B621-4EFA-840A-72CC3A58F098}"
EndProject
Project("{2150E333-8FDC-42A3-9474-1A3956D46DE8}") = "Unit", "Unit", "{D0BB5B5B-C83E-4983-AC5E-D4298DFBC65C}"
EndProject
Project("{2150E333-8FDC-42A3-9474-1A3956D46DE8}") = "Web", "Web", "{053224A9-58CC-4AC7-89A4-1EE522FC06CC}"
EndProject
Project("{9A19103F-16F7-4668-BE54-9A1E7A4F7556}") = "Trumpf.Coparoo.Desktop.DemoApp.Tests", "Trumpf.Coparoo.Desktop.DemoApp.Tests\Trumpf.Coparoo.Desktop.DemoApp.Tests.csproj", "{C81E860D-EEF2-4382-B7D0-25589503C718}"
EndProject
Project("{2150E333-8FDC-42A3-9474-1A3956D46DE8}") = "Resources", "Resources", "{44BB76B2-556D-4EF0-B4C3-7A30C62B0C81}"
	ProjectSection(SolutionItems) = preProject
		Resources\logo640.png = Resources\logo640.png
	EndProjectSection
EndProject
Project("{9A19103F-16F7-4668-BE54-9A1E7A4F7556}") = "Trumpf.Coparoo.Desktop.Tests.LoadFrom", "Trumpf.Coparoo.Desktop.Tests.LoadFrom\Trumpf.Coparoo.Desktop.Tests.LoadFrom.csproj", "{C01E0131-5C05-4BA2-A75D-C4366A5B3D12}"
EndProject
Project("{9A19103F-16F7-4668-BE54-9A1E7A4F7556}") = "Trumpf.Coparoo.Waiting", "Trumpf.Coparoo.Waiting\Trumpf.Coparoo.Waiting.csproj", "{FD9F488D-5630-487F-A5F1-7D629759A14A}"
EndProject
Project("{9A19103F-16F7-4668-BE54-9A1E7A4F7556}") = "Trumpf.Coparoo.Waiting.Tests", "Trumpf.Coparoo.Waiting.Tests\Trumpf.Coparoo.Waiting.Tests.csproj", "{63FBC944-8FD4-4182-9DCA-92ED3A849BF9}"
EndProject
Project("{2150E333-8FDC-42A3-9474-1A3956D46DE8}") = "DialogWait", "DialogWait", "{F30CBE63-BA0A-4D76-988B-1A759DA2E60F}"
EndProject
Global
	GlobalSection(SolutionConfigurationPlatforms) = preSolution
		Debug|Any CPU = Debug|Any CPU
		Release|Any CPU = Release|Any CPU
	EndGlobalSection
	GlobalSection(ProjectConfigurationPlatforms) = postSolution
		{5C1B2F6C-88F1-431C-845E-9B6822687326}.Debug|Any CPU.ActiveCfg = Debug|Any CPU
		{5C1B2F6C-88F1-431C-845E-9B6822687326}.Debug|Any CPU.Build.0 = Debug|Any CPU
		{5C1B2F6C-88F1-431C-845E-9B6822687326}.Release|Any CPU.ActiveCfg = Release|Any CPU
		{5C1B2F6C-88F1-431C-845E-9B6822687326}.Release|Any CPU.Build.0 = Release|Any CPU
		{5C1B2F6C-88F1-431C-845E-9B6822687327}.Debug|Any CPU.ActiveCfg = Debug|Any CPU
		{5C1B2F6C-88F1-431C-845E-9B6822687327}.Debug|Any CPU.Build.0 = Debug|Any CPU
		{5C1B2F6C-88F1-431C-845E-9B6822687327}.Release|Any CPU.ActiveCfg = Release|Any CPU
		{5C1B2F6C-88F1-431C-845E-9B6822687327}.Release|Any CPU.Build.0 = Release|Any CPU
		{321D9A2D-2573-4D7E-A6FF-55A86A0E58C3}.Debug|Any CPU.ActiveCfg = Debug|Any CPU
		{321D9A2D-2573-4D7E-A6FF-55A86A0E58C3}.Debug|Any CPU.Build.0 = Debug|Any CPU
		{321D9A2D-2573-4D7E-A6FF-55A86A0E58C3}.Release|Any CPU.ActiveCfg = Release|Any CPU
		{321D9A2D-2573-4D7E-A6FF-55A86A0E58C3}.Release|Any CPU.Build.0 = Release|Any CPU
		{321D9A2D-2573-4D7E-A6FF-55A86A0E58C8}.Debug|Any CPU.ActiveCfg = Debug|Any CPU
		{321D9A2D-2573-4D7E-A6FF-55A86A0E58C8}.Debug|Any CPU.Build.0 = Debug|Any CPU
		{321D9A2D-2573-4D7E-A6FF-55A86A0E58C8}.Release|Any CPU.ActiveCfg = Release|Any CPU
		{321D9A2D-2573-4D7E-A6FF-55A86A0E58C8}.Release|Any CPU.Build.0 = Release|Any CPU
		{5C1B2F6C-99F1-431C-845E-9B6822687327}.Debug|Any CPU.ActiveCfg = Debug|Any CPU
		{5C1B2F6C-99F1-431C-845E-9B6822687327}.Debug|Any CPU.Build.0 = Debug|Any CPU
		{5C1B2F6C-99F1-431C-845E-9B6822687327}.Release|Any CPU.ActiveCfg = Release|Any CPU
		{5C1B2F6C-99F1-431C-845E-9B6822687327}.Release|Any CPU.Build.0 = Release|Any CPU
		{41B3F904-C8A0-4E91-854D-68D3638F00D9}.Debug|Any CPU.ActiveCfg = Debug|Any CPU
		{41B3F904-C8A0-4E91-854D-68D3638F00D9}.Debug|Any CPU.Build.0 = Debug|Any CPU
		{41B3F904-C8A0-4E91-854D-68D3638F00D9}.Release|Any CPU.ActiveCfg = Release|Any CPU
		{41B3F904-C8A0-4E91-854D-68D3638F00D9}.Release|Any CPU.Build.0 = Release|Any CPU
		{C81E860D-EEF2-4382-B7D0-25589503C718}.Debug|Any CPU.ActiveCfg = Debug|Any CPU
		{C81E860D-EEF2-4382-B7D0-25589503C718}.Debug|Any CPU.Build.0 = Debug|Any CPU
		{C81E860D-EEF2-4382-B7D0-25589503C718}.Release|Any CPU.ActiveCfg = Release|Any CPU
		{C81E860D-EEF2-4382-B7D0-25589503C718}.Release|Any CPU.Build.0 = Release|Any CPU
		{C01E0131-5C05-4BA2-A75D-C4366A5B3D12}.Debug|Any CPU.ActiveCfg = Debug|Any CPU
		{C01E0131-5C05-4BA2-A75D-C4366A5B3D12}.Debug|Any CPU.Build.0 = Debug|Any CPU
		{C01E0131-5C05-4BA2-A75D-C4366A5B3D12}.Release|Any CPU.ActiveCfg = Release|Any CPU
		{C01E0131-5C05-4BA2-A75D-C4366A5B3D12}.Release|Any CPU.Build.0 = Release|Any CPU
		{FD9F488D-5630-487F-A5F1-7D629759A14A}.Debug|Any CPU.ActiveCfg = Debug|Any CPU
		{FD9F488D-5630-487F-A5F1-7D629759A14A}.Debug|Any CPU.Build.0 = Debug|Any CPU
		{FD9F488D-5630-487F-A5F1-7D629759A14A}.Release|Any CPU.ActiveCfg = Release|Any CPU
		{FD9F488D-5630-487F-A5F1-7D629759A14A}.Release|Any CPU.Build.0 = Release|Any CPU
		{63FBC944-8FD4-4182-9DCA-92ED3A849BF9}.Debug|Any CPU.ActiveCfg = Debug|Any CPU
		{63FBC944-8FD4-4182-9DCA-92ED3A849BF9}.Debug|Any CPU.Build.0 = Debug|Any CPU
		{63FBC944-8FD4-4182-9DCA-92ED3A849BF9}.Release|Any CPU.ActiveCfg = Release|Any CPU
		{63FBC944-8FD4-4182-9DCA-92ED3A849BF9}.Release|Any CPU.Build.0 = Release|Any CPU
	EndGlobalSection
	GlobalSection(SolutionProperties) = preSolution
		HideSolutionNode = FALSE
	EndGlobalSection
	GlobalSection(NestedProjects) = preSolution
		{5C1B2F6C-88F1-431C-845E-9B6822687327} = {D0BB5B5B-C83E-4983-AC5E-D4298DFBC65C}
		{321D9A2D-2573-4D7E-A6FF-55A86A0E58C3} = {2F4141C8-B621-4EFA-840A-72CC3A58F098}
		{321D9A2D-2573-4D7E-A6FF-55A86A0E58C8} = {2F4141C8-B621-4EFA-840A-72CC3A58F098}
		{5C1B2F6C-99F1-431C-845E-9B6822687327} = {D0BB5B5B-C83E-4983-AC5E-D4298DFBC65C}
		{41B3F904-C8A0-4E91-854D-68D3638F00D9} = {053224A9-58CC-4AC7-89A4-1EE522FC06CC}
		{2F4141C8-B621-4EFA-840A-72CC3A58F098} = {8AC624AC-6151-49E5-8383-5EADE5350D51}
		{D0BB5B5B-C83E-4983-AC5E-D4298DFBC65C} = {8AC624AC-6151-49E5-8383-5EADE5350D51}
		{053224A9-58CC-4AC7-89A4-1EE522FC06CC} = {8AC624AC-6151-49E5-8383-5EADE5350D51}
		{C81E860D-EEF2-4382-B7D0-25589503C718} = {2F4141C8-B621-4EFA-840A-72CC3A58F098}
		{44BB76B2-556D-4EF0-B4C3-7A30C62B0C81} = {5974447A-DF04-4122-AD33-1D472EEC09AC}
		{C01E0131-5C05-4BA2-A75D-C4366A5B3D12} = {D0BB5B5B-C83E-4983-AC5E-D4298DFBC65C}
		{63FBC944-8FD4-4182-9DCA-92ED3A849BF9} = {F30CBE63-BA0A-4D76-988B-1A759DA2E60F}
		{F30CBE63-BA0A-4D76-988B-1A759DA2E60F} = {8AC624AC-6151-49E5-8383-5EADE5350D51}
	EndGlobalSection
	GlobalSection(ExtensibilityGlobals) = postSolution
		SolutionGuid = {C1C63664-4483-48E9-A681-AEEAA251E211}
	EndGlobalSection
EndGlobal
